
Microsoft Visual Studio Solution File, Format Version 12.00
# Visual Studio Version 17
VisualStudioVersion = 17.3.32929.385
MinimumVisualStudioVersion = 10.0.40219.1
Project("{9A19103F-16F7-4668-BE54-9A1E7A4F7556}") = "Console", "Console.csproj", "{D3C771B0-7968-436C-B6EC-7122456DCF36}"
EndProject
Project("{9A19103F-16F7-4668-BE54-9A1E7A4F7556}") = "Component", "..\Component\Component.csproj", "{CBFEB2E4-8249-4C74-93F7-35D6B377C83B}"
EndProject
Project("{9A19103F-16F7-4668-BE54-9A1E7A4F7556}") = "WPF1", "..\Wpf\WPF1.csproj", "{9FADC7FA-CB56-4DD9-8239-B44B86AD1BA7}"
EndProject
Project("{FAE04EC0-301F-11D3-BF4B-00C04F79EFBC}") = "WPF2", "..\WPF2\WPF2.csproj", "{C0AECC94-6BF6-44EF-8D2B-09E1DAD1AA83}"
EndProject
Global
	GlobalSection(SolutionConfigurationPlatforms) = preSolution
		Debug|Any CPU = Debug|Any CPU
		Release|Any CPU = Release|Any CPU
	EndGlobalSection
	GlobalSection(ProjectConfigurationPlatforms) = postSolution
		{D3C771B0-7968-436C-B6EC-7122456DCF36}.Debug|Any CPU.ActiveCfg = Debug|Any CPU
		{D3C771B0-7968-436C-B6EC-7122456DCF36}.Debug|Any CPU.Build.0 = Debug|Any CPU
		{D3C771B0-7968-436C-B6EC-7122456DCF36}.Release|Any CPU.ActiveCfg = Release|Any CPU
		{D3C771B0-7968-436C-B6EC-7122456DCF36}.Release|Any CPU.Build.0 = Release|Any CPU
		{CBFEB2E4-8249-4C74-93F7-35D6B377C83B}.Debug|Any CPU.ActiveCfg = Debug|Any CPU
		{CBFEB2E4-8249-4C74-93F7-35D6B377C83B}.Debug|Any CPU.Build.0 = Debug|Any CPU
		{CBFEB2E4-8249-4C74-93F7-35D6B377C83B}.Release|Any CPU.ActiveCfg = Release|Any CPU
		{CBFEB2E4-8249-4C74-93F7-35D6B377C83B}.Release|Any CPU.Build.0 = Release|Any CPU
		{9FADC7FA-CB56-4DD9-8239-B44B86AD1BA7}.Debug|Any CPU.ActiveCfg = Debug|Any CPU
		{9FADC7FA-CB56-4DD9-8239-B44B86AD1BA7}.Debug|Any CPU.Build.0 = Debug|Any CPU
		{9FADC7FA-CB56-4DD9-8239-B44B86AD1BA7}.Release|Any CPU.ActiveCfg = Release|Any CPU
		{9FADC7FA-CB56-4DD9-8239-B44B86AD1BA7}.Release|Any CPU.Build.0 = Release|Any CPU
		{C0AECC94-6BF6-44EF-8D2B-09E1DAD1AA83}.Debug|Any CPU.ActiveCfg = Debug|Any CPU
		{C0AECC94-6BF6-44EF-8D2B-09E1DAD1AA83}.Debug|Any CPU.Build.0 = Debug|Any CPU
		{C0AECC94-6BF6-44EF-8D2B-09E1DAD1AA83}.Release|Any CPU.ActiveCfg = Release|Any CPU
		{C0AECC94-6BF6-44EF-8D2B-09E1DAD1AA83}.Release|Any CPU.Build.0 = Release|Any CPU
	EndGlobalSection
	GlobalSection(SolutionProperties) = preSolution
		HideSolutionNode = FALSE
	EndGlobalSection
	GlobalSection(ExtensibilityGlobals) = postSolution
		SolutionGuid = {0CB1AE3A-4EEB-4DAE-8CB5-9E4C27BC09C2}
	EndGlobalSection
EndGlobal
